# This file is automatically @generated by Cargo.
# It is not intended for manual editing.
version = 4

[[package]]
name = "libc"
version = "0.2.190"
source = "registry+https://github.com/rust-lang/crates.io-index"
checksum = "ce5d3ddc6d3fa000eb1536d85e147bfe31aacaba692ed6a876f95cb7c855be78"

[[package]]
name = "netlink-bindings"
version = "0.3.5"
source = "registry+https://github.com/rust-lang/crates.io-index"
checksum = "15c68f271f059945bc6fb55d210e78c1ceb2d3eac00d18fe9b0806ade81e8a21"

[[package]]
name = "netlink-socket2"
version = "0.3.5"
source = "registry+https://github.com/rust-lang/crates.io-index"
checksum = "0951d4d6a5131a59af90a26fcecd4e366e8fcee3a38880ba58705e479f5bd8c3"
dependencies = [
 "libc",
 "netlink-bindings",
 "strip-async",
]

[[package]]
name = "nft-load-spike"
version = "0.1.0"
dependencies = [
 "libc",
 "netlink-bindings",
 "netlink-socket2",
]

[[package]]
name = "strip-async"
version = "1.0.0"
source = "registry+https://github.com/rust-lang/crates.io-index"
checksum = "85ec932792e62b2d3936163eacbd2e09984453bcd114f665c1e1694e36ff59c9"
